
Microsoft Visual Studio Solution File, Format Version 12.00
# Visual Studio Version 17
VisualStudioVersion = 17.8.34322.80
MinimumVisualStudioVersion = 10.0.40219.1
Project("{9A19103F-16F7-4668-BE54-9A1E7A4F7556}") = "Code137.PowerGui", "Code137.PowerGui\Code137.PowerGui.csproj", "{33400589-AAC3-4021-B819-640B7E5B4044}"
EndProject
Project("{9A19103F-16F7-4668-BE54-9A1E7A4F7556}") = "Code137.PowerGui.Samples", "Code137.PowerGui.Samples\Code137.PowerGui.Samples.csproj", "{3F344DBB-7DB7-48C7-9B50-3B507A619F86}"
EndProject
Global
	GlobalSection(SolutionConfigurationPlatforms) = preSolution
		Debug|Any CPU = Debug|Any CPU
		Release|Any CPU = Release|Any CPU
	EndGlobalSection
	GlobalSection(ProjectConfigurationPlatforms) = postSolution
		{33400589-AAC3-4021-B819-640B7E5B4044}.Debug|Any CPU.ActiveCfg = Debug|Any CPU
		{33400589-AAC3-4021-B819-640B7E5B4044}.Debug|Any CPU.Build.0 = Debug|Any CPU
		{33400589-AAC3-4021-B819-640B7E5B4044}.Release|Any CPU.ActiveCfg = Release|Any CPU
		{33400589-AAC3-4021-B819-640B7E5B4044}.Release|Any CPU.Build.0 = Release|Any CPU
		{3F344DBB-7DB7-48C7-9B50-3B507A619F86}.Debug|Any CPU.ActiveCfg = Debug|Any CPU
		{3F344DBB-7DB7-48C7-9B50-3B507A619F86}.Debug|Any CPU.Build.0 = Debug|Any CPU
		{3F344DBB-7DB7-48C7-9B50-3B507A619F86}.Release|Any CPU.ActiveCfg = Release|Any CPU
		{3F344DBB-7DB7-48C7-9B50-3B507A619F86}.Release|Any CPU.Build.0 = Release|Any CPU
	EndGlobalSection
	GlobalSection(SolutionProperties) = preSolution
		HideSolutionNode = FALSE
	EndGlobalSection
	GlobalSection(ExtensibilityGlobals) = postSolution
		SolutionGuid = {00CE8BE1-A473-4F34-9175-BA69A4C5DFB4}
	EndGlobalSection
EndGlobal
